{
  "originHash" : "e85c62745299ba7316418468340a580dbd4927cca846d41507583a2f41df7305",
  "pins" : [
    {
      "identity" : "appaboutview",
      "kind" : "remoteSourceControl",
      "location" : "https://github.com/lexrus/AppAboutView",
      "state" : {
        "revision" : "d557f95c8be3da6a46c9428f42ffafed78d79cee",
        "version" : "0.0.6"
      }
    }
  ],
  "version" : 3
}
